
Microsoft Visual Studio Solution File, Format Version 12.00
# Visual Studio Version 17
VisualStudioVersion = 17.3.32901.215
MinimumVisualStudioVersion = 10.0.40219.1
Project("{9A19103F-16F7-4668-BE54-9A1E7A4F7556}") = "Hitchhicker-Endpoint-V1", "Hitchhicker-Endpoint-V1.csproj", "{A9FABB05-2F87-41AF-BD26-91E514F54A51}"
EndProject
Project("{9A19103F-16F7-4668-BE54-9A1E7A4F7556}") = "Hitchhiker-Endpoint.Unit.Test", "..\HitchhikerTest\Hitchhiker-Endpoint.Unit.Test.csproj", "{BBEDA89E-2D41-4B19-98E1-649727C74F80}"
EndProject
Project("{2150E333-8FDC-42A3-9474-1A3956D46DE8}") = "Solution Items", "Solution Items", "{CD7ADA8A-5FB1-43A2-AD34-7DAA93E8D79D}"
	ProjectSection(SolutionItems) = preProject
		notes.txt = notes.txt
	EndProjectSection
EndProject
Project("{FAE04EC0-301F-11D3-BF4B-00C04F79EFBC}") = "Hitchhiker-Endpoint.Integration.Test", "..\IntegrationTests\Hitchhiker-Endpoint.Integration.Test.csproj", "{658526AF-5677-4733-8C5C-5F802DA5B8E7}"
	ProjectSection(ProjectDependencies) = postProject
		{A9FABB05-2F87-41AF-BD26-91E514F54A51} = {A9FABB05-2F87-41AF-BD26-91E514F54A51}
	EndProjectSection
EndProject
Project("{FAE04EC0-301F-11D3-BF4B-00C04F79EFBC}") = "Helpers", "..\Helpers\Helpers.csproj", "{DC4F39BA-199F-48F7-8BDA-25CB01B04382}"
EndProject
Global
	GlobalSection(SolutionConfigurationPlatforms) = preSolution
		Debug|Any CPU = Debug|Any CPU
		Release|Any CPU = Release|Any CPU
	EndGlobalSection
	GlobalSection(ProjectConfigurationPlatforms) = postSolution
		{A9FABB05-2F87-41AF-BD26-91E514F54A51}.Debug|Any CPU.ActiveCfg = Debug|Any CPU
		{A9FABB05-2F87-41AF-BD26-91E514F54A51}.Debug|Any CPU.Build.0 = Debug|Any CPU
		{A9FABB05-2F87-41AF-BD26-91E514F54A51}.Release|Any CPU.ActiveCfg = Release|Any CPU
		{A9FABB05-2F87-41AF-BD26-91E514F54A51}.Release|Any CPU.Build.0 = Release|Any CPU
		{BBEDA89E-2D41-4B19-98E1-649727C74F80}.Debug|Any CPU.ActiveCfg = Debug|Any CPU
		{BBEDA89E-2D41-4B19-98E1-649727C74F80}.Debug|Any CPU.Build.0 = Debug|Any CPU
		{BBEDA89E-2D41-4B19-98E1-649727C74F80}.Release|Any CPU.ActiveCfg = Release|Any CPU
		{BBEDA89E-2D41-4B19-98E1-649727C74F80}.Release|Any CPU.Build.0 = Release|Any CPU
		{658526AF-5677-4733-8C5C-5F802DA5B8E7}.Debug|Any CPU.ActiveCfg = Debug|Any CPU
		{658526AF-5677-4733-8C5C-5F802DA5B8E7}.Debug|Any CPU.Build.0 = Debug|Any CPU
		{658526AF-5677-4733-8C5C-5F802DA5B8E7}.Release|Any CPU.ActiveCfg = Release|Any CPU
		{658526AF-5677-4733-8C5C-5F802DA5B8E7}.Release|Any CPU.Build.0 = Release|Any CPU
		{DC4F39BA-199F-48F7-8BDA-25CB01B04382}.Debug|Any CPU.ActiveCfg = Debug|Any CPU
		{DC4F39BA-199F-48F7-8BDA-25CB01B04382}.Debug|Any CPU.Build.0 = Debug|Any CPU
		{DC4F39BA-199F-48F7-8BDA-25CB01B04382}.Release|Any CPU.ActiveCfg = Release|Any CPU
		{DC4F39BA-199F-48F7-8BDA-25CB01B04382}.Release|Any CPU.Build.0 = Release|Any CPU
	EndGlobalSection
	GlobalSection(SolutionProperties) = preSolution
		HideSolutionNode = FALSE
	EndGlobalSection
	GlobalSection(ExtensibilityGlobals) = postSolution
		SolutionGuid = {243741A5-7E17-457E-A6AD-89F8E41D0A5B}
	EndGlobalSection
EndGlobal
