
Microsoft Visual Studio Solution File, Format Version 12.00
# Visual Studio Version 17
VisualStudioVersion = 17.3.32901.215
MinimumVisualStudioVersion = 10.0.40219.1
Project("{9A19103F-16F7-4668-BE54-9A1E7A4F7556}") = "Hitchhicker-Endpoint", "Hitchhicker-Endpoint.csproj", "{A9FABB05-2F87-41AF-BD26-91E514F54A51}"
EndProject
Project("{9A19103F-16F7-4668-BE54-9A1E7A4F7556}") = "Hitchhicker-EndpointTests", "..\Hitchhicker-EndpointTests\Hitchhicker-EndpointTests.csproj", "{4A7EF7FD-5C48-41AD-821D-88903B4044B7}"
EndProject
Project("{FAE04EC0-301F-11D3-BF4B-00C04F79EFBC}") = "Hitchhiker-Endpoint-V1.IntegrationTests", "..\Hitchhiker-Endpoint-V1.IntegrationTests\Hitchhiker-Endpoint-V1.IntegrationTests.csproj", "{1313F439-948A-465F-92DD-9ACBBE917702}"
EndProject
Global
	GlobalSection(SolutionConfigurationPlatforms) = preSolution
		Debug|Any CPU = Debug|Any CPU
		Release|Any CPU = Release|Any CPU
	EndGlobalSection
	GlobalSection(ProjectConfigurationPlatforms) = postSolution
		{A9FABB05-2F87-41AF-BD26-91E514F54A51}.Debug|Any CPU.ActiveCfg = Debug|Any CPU
		{A9FABB05-2F87-41AF-BD26-91E514F54A51}.Debug|Any CPU.Build.0 = Debug|Any CPU
		{A9FABB05-2F87-41AF-BD26-91E514F54A51}.Release|Any CPU.ActiveCfg = Release|Any CPU
		{A9FABB05-2F87-41AF-BD26-91E514F54A51}.Release|Any CPU.Build.0 = Release|Any CPU
		{4A7EF7FD-5C48-41AD-821D-88903B4044B7}.Debug|Any CPU.ActiveCfg = Debug|Any CPU
		{4A7EF7FD-5C48-41AD-821D-88903B4044B7}.Debug|Any CPU.Build.0 = Debug|Any CPU
		{4A7EF7FD-5C48-41AD-821D-88903B4044B7}.Release|Any CPU.ActiveCfg = Release|Any CPU
		{4A7EF7FD-5C48-41AD-821D-88903B4044B7}.Release|Any CPU.Build.0 = Release|Any CPU
		{1313F439-948A-465F-92DD-9ACBBE917702}.Debug|Any CPU.ActiveCfg = Debug|Any CPU
		{1313F439-948A-465F-92DD-9ACBBE917702}.Debug|Any CPU.Build.0 = Debug|Any CPU
		{1313F439-948A-465F-92DD-9ACBBE917702}.Release|Any CPU.ActiveCfg = Release|Any CPU
		{1313F439-948A-465F-92DD-9ACBBE917702}.Release|Any CPU.Build.0 = Release|Any CPU
	EndGlobalSection
	GlobalSection(SolutionProperties) = preSolution
		HideSolutionNode = FALSE
	EndGlobalSection
	GlobalSection(ExtensibilityGlobals) = postSolution
		SolutionGuid = {243741A5-7E17-457E-A6AD-89F8E41D0A5B}
	EndGlobalSection
EndGlobal
